
Microsoft Visual Studio Solution File, Format Version 12.00
# Visual Studio Version 17
VisualStudioVersion = 17.4.33205.214
MinimumVisualStudioVersion = 10.0.40219.1
Project("{888888A0-9F3D-457C-B088-3A5042F75D52}") = "Socket", "Socket\Socket.pyproj", "{3F9B9F3D-3394-47E4-A811-EA6ED69364BA}"
EndProject
Global
	GlobalSection(SolutionConfigurationPlatforms) = preSolution
		Debug|Any CPU = Debug|Any CPU
		Release|Any CPU = Release|Any CPU
	EndGlobalSection
	GlobalSection(ProjectConfigurationPlatforms) = postSolution
		{3F9B9F3D-3394-47E4-A811-EA6ED69364BA}.Debug|Any CPU.ActiveCfg = Debug|Any CPU
		{3F9B9F3D-3394-47E4-A811-EA6ED69364BA}.Release|Any CPU.ActiveCfg = Release|Any CPU
	EndGlobalSection
	GlobalSection(SolutionProperties) = preSolution
		HideSolutionNode = FALSE
	EndGlobalSection
	GlobalSection(ExtensibilityGlobals) = postSolution
		SolutionGuid = {5AC04145-E209-4102-9714-70DD3260C7EC}
	EndGlobalSection
EndGlobal
